
Microsoft Visual Studio Solution File, Format Version 12.00
# Visual Studio 15
VisualStudioVersion = 15.0.28307.757
MinimumVisualStudioVersion = 10.0.40219.1
Project("{9A19103F-16F7-4668-BE54-9A1E7A4F7556}") = "Project.WebAPI", "Project.WebAPI\Project.WebAPI.csproj", "{9407CB74-9498-42AC-9E31-10580A017C6B}"
EndProject
Project("{2150E333-8FDC-42A3-9474-1A3956D46DE8}") = "Core", "Core", "{09108187-2F61-4688-88A6-307C8DB5801B}"
EndProject
Project("{2150E333-8FDC-42A3-9474-1A3956D46DE8}") = "Data", "Data", "{D605144F-DAA8-4C56-B4A0-A4FF1B564ED2}"
EndProject
Project("{9A19103F-16F7-4668-BE54-9A1E7A4F7556}") = "BarCode.Data", "BarCode.Data\BarCode.Data.csproj", "{1F61BFEB-F5E0-471F-9E99-4AA01F7D0236}"
EndProject
Project("{9A19103F-16F7-4668-BE54-9A1E7A4F7556}") = "Domain", "Domain\Domain.csproj", "{72E2ACCE-A84D-4DE1-94DF-528BBF82D20E}"
EndProject
Project("{9A19103F-16F7-4668-BE54-9A1E7A4F7556}") = "Infrastructure", "Infrastructure\Infrastructure.csproj", "{72077574-26B5-4C52-96CC-4A2B861C892E}"
EndProject
Global
	GlobalSection(SolutionConfigurationPlatforms) = preSolution
		Debug|Any CPU = Debug|Any CPU
		Release|Any CPU = Release|Any CPU
	EndGlobalSection
	GlobalSection(ProjectConfigurationPlatforms) = postSolution
		{9407CB74-9498-42AC-9E31-10580A017C6B}.Debug|Any CPU.ActiveCfg = Debug|Any CPU
		{9407CB74-9498-42AC-9E31-10580A017C6B}.Debug|Any CPU.Build.0 = Debug|Any CPU
		{9407CB74-9498-42AC-9E31-10580A017C6B}.Release|Any CPU.ActiveCfg = Release|Any CPU
		{9407CB74-9498-42AC-9E31-10580A017C6B}.Release|Any CPU.Build.0 = Release|Any CPU
		{1F61BFEB-F5E0-471F-9E99-4AA01F7D0236}.Debug|Any CPU.ActiveCfg = Debug|Any CPU
		{1F61BFEB-F5E0-471F-9E99-4AA01F7D0236}.Debug|Any CPU.Build.0 = Debug|Any CPU
		{1F61BFEB-F5E0-471F-9E99-4AA01F7D0236}.Release|Any CPU.ActiveCfg = Release|Any CPU
		{1F61BFEB-F5E0-471F-9E99-4AA01F7D0236}.Release|Any CPU.Build.0 = Release|Any CPU
		{72E2ACCE-A84D-4DE1-94DF-528BBF82D20E}.Debug|Any CPU.ActiveCfg = Debug|Any CPU
		{72E2ACCE-A84D-4DE1-94DF-528BBF82D20E}.Debug|Any CPU.Build.0 = Debug|Any CPU
		{72E2ACCE-A84D-4DE1-94DF-528BBF82D20E}.Release|Any CPU.ActiveCfg = Release|Any CPU
		{72E2ACCE-A84D-4DE1-94DF-528BBF82D20E}.Release|Any CPU.Build.0 = Release|Any CPU
		{72077574-26B5-4C52-96CC-4A2B861C892E}.Debug|Any CPU.ActiveCfg = Debug|Any CPU
		{72077574-26B5-4C52-96CC-4A2B861C892E}.Debug|Any CPU.Build.0 = Debug|Any CPU
		{72077574-26B5-4C52-96CC-4A2B861C892E}.Release|Any CPU.ActiveCfg = Release|Any CPU
		{72077574-26B5-4C52-96CC-4A2B861C892E}.Release|Any CPU.Build.0 = Release|Any CPU
	EndGlobalSection
	GlobalSection(SolutionProperties) = preSolution
		HideSolutionNode = FALSE
	EndGlobalSection
	GlobalSection(NestedProjects) = preSolution
		{1F61BFEB-F5E0-471F-9E99-4AA01F7D0236} = {D605144F-DAA8-4C56-B4A0-A4FF1B564ED2}
		{72E2ACCE-A84D-4DE1-94DF-528BBF82D20E} = {09108187-2F61-4688-88A6-307C8DB5801B}
		{72077574-26B5-4C52-96CC-4A2B861C892E} = {09108187-2F61-4688-88A6-307C8DB5801B}
	EndGlobalSection
	GlobalSection(ExtensibilityGlobals) = postSolution
		SolutionGuid = {1717DB9B-3C49-401D-A2D6-ACF13F198669}
	EndGlobalSection
EndGlobal
